
Microsoft Visual Studio Solution File, Format Version 12.00
# Visual Studio Version 17
VisualStudioVersion = 17.2.32630.192
MinimumVisualStudioVersion = 10.0.40219.1
Project("{FAE04EC0-301F-11D3-BF4B-00C04F79EFBC}") = "testeTarget", "testeTarget\testeTarget.csproj", "{BFF7F00B-786C-4184-8F8A-1AA301B55987}"
EndProject
Global
	GlobalSection(SolutionConfigurationPlatforms) = preSolution
		Debug|Any CPU = Debug|Any CPU
		Release|Any CPU = Release|Any CPU
	EndGlobalSection
	GlobalSection(ProjectConfigurationPlatforms) = postSolution
		{BFF7F00B-786C-4184-8F8A-1AA301B55987}.Debug|Any CPU.ActiveCfg = Debug|Any CPU
		{BFF7F00B-786C-4184-8F8A-1AA301B55987}.Debug|Any CPU.Build.0 = Debug|Any CPU
		{BFF7F00B-786C-4184-8F8A-1AA301B55987}.Release|Any CPU.ActiveCfg = Release|Any CPU
		{BFF7F00B-786C-4184-8F8A-1AA301B55987}.Release|Any CPU.Build.0 = Release|Any CPU
	EndGlobalSection
	GlobalSection(SolutionProperties) = preSolution
		HideSolutionNode = FALSE
	EndGlobalSection
	GlobalSection(ExtensibilityGlobals) = postSolution
		SolutionGuid = {8BE74157-2BF2-4CE8-9E42-B2FA334BFED3}
	EndGlobalSection
EndGlobal
